// !$*UTF8*$!
{
	archiveVersion = 1;
	classes = {
	};
	objectVersion = 56;
	objects = {

/* Begin PBXBuildFile section */
		4E8409EA2BA4BF300086B06D /* TinyBeansApp.swift in Sources */ = {isa = PBXBuildFile; fileRef = 4E8409E92BA4BF300086B06D /* TinyBeansApp.swift */; };
		4E8409EC2BA4BF300086B06D /* ContentView.swift in Sources */ = {isa = PBXBuildFile; fileRef = 4E8409EB2BA4BF300086B06D /* ContentView.swift */; };
		4E8409EE2BA4BF320086B06D /* Assets.xcassets in Resources */ = {isa = PBXBuildFile; fileRef = 4E8409ED2BA4BF320086B06D /* Assets.xcassets */; };
		4E8409F12BA4BF320086B06D /* Preview Assets.xcassets in Resources */ = {isa = PBXBuildFile; fileRef = 4E8409F02BA4BF320086B06D /* Preview Assets.xcassets */; };
		4E8409FB2BA4BF320086B06D /* TinyBeansTests.swift in Sources */ = {isa = PBXBuildFile; fileRef = 4E8409FA2BA4BF320086B06D /* TinyBeansTests.swift */; };
		4E840A052BA4BF320086B06D /* TinyBeansUITests.swift in Sources */ = {isa = PBXBuildFile; fileRef = 4E840A042BA4BF320086B06D /* TinyBeansUITests.swift */; };
		4E840A072BA4BF320086B06D /* TinyBeansUITestsLaunchTests.swift in Sources */ = {isa = PBXBuildFile; fileRef = 4E840A062BA4BF320086B06D /* TinyBeansUITestsLaunchTests.swift */; };
		4E840A162BA4CC980086B06D /* RemoteMovie+Mock.json in Resources */ = {isa = PBXBuildFile; fileRef = 4E840A152BA4CC980086B06D /* RemoteMovie+Mock.json */; };
		4E840A1A2BA4CCF70086B06D /* RemoteMovieDetail_Mock.json in Resources */ = {isa = PBXBuildFile; fileRef = 4E840A192BA4CCF70086B06D /* RemoteMovieDetail_Mock.json */; };
		4E840A1D2BA4CD320086B06D /* Utilities.swift in Sources */ = {isa = PBXBuildFile; fileRef = 4E840A1C2BA4CD320086B06D /* Utilities.swift */; };
		4E840A212BA4D8C60086B06D /* RemoteMovie.swift in Sources */ = {isa = PBXBuildFile; fileRef = 4E840A202BA4D8C60086B06D /* RemoteMovie.swift */; };
		4E840A232BA4D92B0086B06D /* RemoteMovieDetails.swift in Sources */ = {isa = PBXBuildFile; fileRef = 4E840A222BA4D92B0086B06D /* RemoteMovieDetails.swift */; };
		4E840A252BA4D95B0086B06D /* MovieClient.swift in Sources */ = {isa = PBXBuildFile; fileRef = 4E840A242BA4D95B0086B06D /* MovieClient.swift */; };
		4E840A272BA4D9870086B06D /* MovieDetailView.swift in Sources */ = {isa = PBXBuildFile; fileRef = 4E840A262BA4D9870086B06D /* MovieDetailView.swift */; };
/* End PBXBuildFile section */

/* Begin PBXContainerItemProxy section */
		4E8409F72BA4BF320086B06D /* PBXContainerItemProxy */ = {
			isa = PBXContainerItemProxy;
			containerPortal = 4E8409DE2BA4BF300086B06D /* Project object */;
			proxyType = 1;
			remoteGlobalIDString = 4E8409E52BA4BF300086B06D;
			remoteInfo = TinyBeans;
		};
		4E840A012BA4BF320086B06D /* PBXContainerItemProxy */ = {
			isa = PBXContainerItemProxy;
			containerPortal = 4E8409DE2BA4BF300086B06D /* Project object */;
			proxyType = 1;
			remoteGlobalIDString = 4E8409E52BA4BF300086B06D;
			remoteInfo = TinyBeans;
		};
/* End PBXContainerItemProxy section */

/* Begin PBXFileReference section */
		4E8409E62BA4BF300086B06D /* TinyBeans.app */ = {isa = PBXFileReference; explicitFileType = wrapper.application; includeInIndex = 0; path = TinyBeans.app; sourceTree = BUILT_PRODUCTS_DIR; };
		4E8409E92BA4BF300086B06D /* TinyBeansApp.swift */ = {isa = PBXFileReference; lastKnownFileType = sourcecode.swift; path = TinyBeansApp.swift; sourceTree = "<group>"; };
		4E8409EB2BA4BF300086B06D /* ContentView.swift */ = {isa = PBXFileReference; lastKnownFileType = sourcecode.swift; path = ContentView.swift; sourceTree = "<group>"; };
		4E8409ED2BA4BF320086B06D /* Assets.xcassets */ = {isa = PBXFileReference; lastKnownFileType = folder.assetcatalog; path = Assets.xcassets; sourceTree = "<group>"; };
		4E8409F02BA4BF320086B06D /* Preview Assets.xcassets */ = {isa = PBXFileReference; lastKnownFileType = folder.assetcatalog; path = "Preview Assets.xcassets"; sourceTree = "<group>"; };
		4E8409F62BA4BF320086B06D /* TinyBeansTests.xctest */ = {isa = PBXFileReference; explicitFileType = wrapper.cfbundle; includeInIndex = 0; path = TinyBeansTests.xctest; sourceTree = BUILT_PRODUCTS_DIR; };
		4E8409FA2BA4BF320086B06D /* TinyBeansTests.swift */ = {isa = PBXFileReference; lastKnownFileType = sourcecode.swift; path = TinyBeansTests.swift; sourceTree = "<group>"; };
		4E840A002BA4BF320086B06D /* TinyBeansUITests.xctest */ = {isa = PBXFileReference; explicitFileType = wrapper.cfbundle; includeInIndex = 0; path = TinyBeansUITests.xctest; sourceTree = BUILT_PRODUCTS_DIR; };
		4E840A042BA4BF320086B06D /* TinyBeansUITests.swift */ = {isa = PBXFileReference; lastKnownFileType = sourcecode.swift; path = TinyBeansUITests.swift; sourceTree = "<group>"; };
		4E840A062BA4BF320086B06D /* TinyBeansUITestsLaunchTests.swift */ = {isa = PBXFileReference; lastKnownFileType = sourcecode.swift; path = TinyBeansUITestsLaunchTests.swift; sourceTree = "<group>"; };
		4E840A152BA4CC980086B06D /* RemoteMovie+Mock.json */ = {isa = PBXFileReference; lastKnownFileType = text.json; path = "RemoteMovie+Mock.json"; sourceTree = "<group>"; };
		4E840A192BA4CCF70086B06D /* RemoteMovieDetail_Mock.json */ = {isa = PBXFileReference; lastKnownFileType = text.json; path = RemoteMovieDetail_Mock.json; sourceTree = "<group>"; };
		4E840A1C2BA4CD320086B06D /* Utilities.swift */ = {isa = PBXFileReference; lastKnownFileType = sourcecode.swift; path = Utilities.swift; sourceTree = "<group>"; };
		4E840A202BA4D8C60086B06D /* RemoteMovie.swift */ = {isa = PBXFileReference; lastKnownFileType = sourcecode.swift; path = RemoteMovie.swift; sourceTree = "<group>"; };
		4E840A222BA4D92B0086B06D /* RemoteMovieDetails.swift */ = {isa = PBXFileReference; lastKnownFileType = sourcecode.swift; path = RemoteMovieDetails.swift; sourceTree = "<group>"; };
		4E840A242BA4D95B0086B06D /* MovieClient.swift */ = {isa = PBXFileReference; lastKnownFileType = sourcecode.swift; path = MovieClient.swift; sourceTree = "<group>"; };
		4E840A262BA4D9870086B06D /* MovieDetailView.swift */ = {isa = PBXFileReference; lastKnownFileType = sourcecode.swift; path = MovieDetailView.swift; sourceTree = "<group>"; };
/* End PBXFileReference section */

/* Begin PBXFrameworksBuildPhase section */
		4E8409E32BA4BF300086B06D /* Frameworks */ = {
			isa = PBXFrameworksBuildPhase;
			buildActionMask = 2147483647;
			files = (
			);
			runOnlyForDeploymentPostprocessing = 0;
		};
		4E8409F32BA4BF320086B06D /* Frameworks */ = {
			isa = PBXFrameworksBuildPhase;
			buildActionMask = 2147483647;
			files = (
			);
			runOnlyForDeploymentPostprocessing = 0;
		};
		4E8409FD2BA4BF320086B06D /* Frameworks */ = {
			isa = PBXFrameworksBuildPhase;
			buildActionMask = 2147483647;
			files = (
			);
			runOnlyForDeploymentPostprocessing = 0;
		};
/* End PBXFrameworksBuildPhase section */

/* Begin PBXGroup section */
		4E8409DD2BA4BF300086B06D = {
			isa = PBXGroup;
			children = (
				4E8409E82BA4BF300086B06D /* TinyBeans */,
				4E8409F92BA4BF320086B06D /* TinyBeansTests */,
				4E840A032BA4BF320086B06D /* TinyBeansUITests */,
				4E8409E72BA4BF300086B06D /* Products */,
			);
			sourceTree = "<group>";
		};
		4E8409E72BA4BF300086B06D /* Products */ = {
			isa = PBXGroup;
			children = (
				4E8409E62BA4BF300086B06D /* TinyBeans.app */,
				4E8409F62BA4BF320086B06D /* TinyBeansTests.xctest */,
				4E840A002BA4BF320086B06D /* TinyBeansUITests.xctest */,
			);
			name = Products;
			sourceTree = "<group>";
		};
		4E8409E82BA4BF300086B06D /* TinyBeans */ = {
			isa = PBXGroup;
			children = (
				4E840A1B2BA4CD020086B06D /* Mock */,
				4E840A202BA4D8C60086B06D /* RemoteMovie.swift */,
				4E840A1C2BA4CD320086B06D /* Utilities.swift */,
				4E8409E92BA4BF300086B06D /* TinyBeansApp.swift */,
				4E8409EB2BA4BF300086B06D /* ContentView.swift */,
				4E840A222BA4D92B0086B06D /* RemoteMovieDetails.swift */,
				4E840A242BA4D95B0086B06D /* MovieClient.swift */,
				4E840A262BA4D9870086B06D /* MovieDetailView.swift */,
				4E8409ED2BA4BF320086B06D /* Assets.xcassets */,
				4E8409EF2BA4BF320086B06D /* Preview Content */,
			);
			path = TinyBeans;
			sourceTree = "<group>";
		};
		4E8409EF2BA4BF320086B06D /* Preview Content */ = {
			isa = PBXGroup;
			children = (
				4E8409F02BA4BF320086B06D /* Preview Assets.xcassets */,
			);
			path = "Preview Content";
			sourceTree = "<group>";
		};
		4E8409F92BA4BF320086B06D /* TinyBeansTests */ = {
			isa = PBXGroup;
			children = (
				4E8409FA2BA4BF320086B06D /* TinyBeansTests.swift */,
			);
			path = TinyBeansTests;
			sourceTree = "<group>";
		};
		4E840A032BA4BF320086B06D /* TinyBeansUITests */ = {
			isa = PBXGroup;
			children = (
				4E840A042BA4BF320086B06D /* TinyBeansUITests.swift */,
				4E840A062BA4BF320086B06D /* TinyBeansUITestsLaunchTests.swift */,
			);
			path = TinyBeansUITests;
			sourceTree = "<group>";
		};
		4E840A1B2BA4CD020086B06D /* Mock */ = {
			isa = PBXGroup;
			children = (
				4E840A152BA4CC980086B06D /* RemoteMovie+Mock.json */,
				4E840A192BA4CCF70086B06D /* RemoteMovieDetail_Mock.json */,
			);
			path = Mock;
			sourceTree = "<group>";
		};
/* End PBXGroup section */

/* Begin PBXNativeTarget section */
		4E8409E52BA4BF300086B06D /* TinyBeans */ = {
			isa = PBXNativeTarget;
			buildConfigurationList = 4E840A0A2BA4BF320086B06D /* Build configuration list for PBXNativeTarget "TinyBeans" */;
			buildPhases = (
				4E8409E22BA4BF300086B06D /* Sources */,
				4E8409E32BA4BF300086B06D /* Frameworks */,
				4E8409E42BA4BF300086B06D /* Resources */,
			);
			buildRules = (
			);
			dependencies = (
			);
			name = TinyBeans;
			productName = TinyBeans;
			productReference = 4E8409E62BA4BF300086B06D /* TinyBeans.app */;
			productType = "com.apple.product-type.application";
		};
		4E8409F52BA4BF320086B06D /* TinyBeansTests */ = {
			isa = PBXNativeTarget;
			buildConfigurationList = 4E840A0D2BA4BF320086B06D /* Build configuration list for PBXNativeTarget "TinyBeansTests" */;
			buildPhases = (
				4E8409F22BA4BF320086B06D /* Sources */,
				4E8409F32BA4BF320086B06D /* Frameworks */,
				4E8409F42BA4BF320086B06D /* Resources */,
			);
			buildRules = (
			);
			dependencies = (
				4E8409F82BA4BF320086B06D /* PBXTargetDependency */,
			);
			name = TinyBeansTests;
			productName = TinyBeansTests;
			productReference = 4E8409F62BA4BF320086B06D /* TinyBeansTests.xctest */;
			productType = "com.apple.product-type.bundle.unit-test";
		};
		4E8409FF2BA4BF320086B06D /* TinyBeansUITests */ = {
			isa = PBXNativeTarget;
			buildConfigurationList = 4E840A102BA4BF320086B06D /* Build configuration list for PBXNativeTarget "TinyBeansUITests" */;
			buildPhases = (
				4E8409FC2BA4BF320086B06D /* Sources */,
				4E8409FD2BA4BF320086B06D /* Frameworks */,
				4E8409FE2BA4BF320086B06D /* Resources */,
			);
			buildRules = (
			);
			dependencies = (
				4E840A022BA4BF320086B06D /* PBXTargetDependency */,
			);
			name = TinyBeansUITests;
			productName = TinyBeansUITests;
			productReference = 4E840A002BA4BF320086B06D /* TinyBeansUITests.xctest */;
			productType = "com.apple.product-type.bundle.ui-testing";
		};
/* End PBXNativeTarget section */

/* Begin PBXProject section */
		4E8409DE2BA4BF300086B06D /* Project object */ = {
			isa = PBXProject;
			attributes = {
				BuildIndependentTargetsInParallel = 1;
				LastSwiftUpdateCheck = 1520;
				LastUpgradeCheck = 1520;
				TargetAttributes = {
					4E8409E52BA4BF300086B06D = {
						CreatedOnToolsVersion = 15.2;
					};
					4E8409F52BA4BF320086B06D = {
						CreatedOnToolsVersion = 15.2;
						TestTargetID = 4E8409E52BA4BF300086B06D;
					};
					4E8409FF2BA4BF320086B06D = {
						CreatedOnToolsVersion = 15.2;
						TestTargetID = 4E8409E52BA4BF300086B06D;
					};
				};
			};
			buildConfigurationList = 4E8409E12BA4BF300086B06D /* Build configuration list for PBXProject "TinyBeans" */;
			compatibilityVersion = "Xcode 14.0";
			developmentRegion = en;
			hasScannedForEncodings = 0;
			knownRegions = (
				en,
				Base,
			);
			mainGroup = 4E8409DD2BA4BF300086B06D;
			productRefGroup = 4E8409E72BA4BF300086B06D /* Products */;
			projectDirPath = "";
			projectRoot = "";
			targets = (
				4E8409E52BA4BF300086B06D /* TinyBeans */,
				4E8409F52BA4BF320086B06D /* TinyBeansTests */,
				4E8409FF2BA4BF320086B06D /* TinyBeansUITests */,
			);
		};
/* End PBXProject section */

/* Begin PBXResourcesBuildPhase section */
		4E8409E42BA4BF300086B06D /* Resources */ = {
			isa = PBXResourcesBuildPhase;
			buildActionMask = 2147483647;
			files = (
				4E8409F12BA4BF320086B06D /* Preview Assets.xcassets in Resources */,
				4E840A162BA4CC980086B06D /* RemoteMovie+Mock.json in Resources */,
				4E8409EE2BA4BF320086B06D /* Assets.xcassets in Resources */,
				4E840A1A2BA4CCF70086B06D /* RemoteMovieDetail_Mock.json in Resources */,
			);
			runOnlyForDeploymentPostprocessing = 0;
		};
		4E8409F42BA4BF320086B06D /* Resources */ = {
			isa = PBXResourcesBuildPhase;
			buildActionMask = 2147483647;
			files = (
			);
			runOnlyForDeploymentPostprocessing = 0;
		};
		4E8409FE2BA4BF320086B06D /* Resources */ = {
			isa = PBXResourcesBuildPhase;
			buildActionMask = 2147483647;
			files = (
			);
			runOnlyForDeploymentPostprocessing = 0;
		};
/* End PBXResourcesBuildPhase section */

/* Begin PBXSourcesBuildPhase section */
		4E8409E22BA4BF300086B06D /* Sources */ = {
			isa = PBXSourcesBuildPhase;
			buildActionMask = 2147483647;
			files = (
				4E840A212BA4D8C60086B06D /* RemoteMovie.swift in Sources */,
				4E840A252BA4D95B0086B06D /* MovieClient.swift in Sources */,
				4E840A1D2BA4CD320086B06D /* Utilities.swift in Sources */,
				4E8409EC2BA4BF300086B06D /* ContentView.swift in Sources */,
				4E8409EA2BA4BF300086B06D /* TinyBeansApp.swift in Sources */,
				4E840A232BA4D92B0086B06D /* RemoteMovieDetails.swift in Sources */,
				4E840A272BA4D9870086B06D /* MovieDetailView.swift in Sources */,
			);
			runOnlyForDeploymentPostprocessing = 0;
		};
		4E8409F22BA4BF320086B06D /* Sources */ = {
			isa = PBXSourcesBuildPhase;
			buildActionMask = 2147483647;
			files = (
				4E8409FB2BA4BF320086B06D /* TinyBeansTests.swift in Sources */,
			);
			runOnlyForDeploymentPostprocessing = 0;
		};
		4E8409FC2BA4BF320086B06D /* Sources */ = {
			isa = PBXSourcesBuildPhase;
			buildActionMask = 2147483647;
			files = (
				4E840A072BA4BF320086B06D /* TinyBeansUITestsLaunchTests.swift in Sources */,
				4E840A052BA4BF320086B06D /* TinyBeansUITests.swift in Sources */,
			);
			runOnlyForDeploymentPostprocessing = 0;
		};
/* End PBXSourcesBuildPhase section */

/* Begin PBXTargetDependency section */
		4E8409F82BA4BF320086B06D /* PBXTargetDependency */ = {
			isa = PBXTargetDependency;
			target = 4E8409E52BA4BF300086B06D /* TinyBeans */;
			targetProxy = 4E8409F72BA4BF320086B06D /* PBXContainerItemProxy */;
		};
		4E840A022BA4BF320086B06D /* PBXTargetDependency */ = {
			isa = PBXTargetDependency;
			target = 4E8409E52BA4BF300086B06D /* TinyBeans */;
			targetProxy = 4E840A012BA4BF320086B06D /* PBXContainerItemProxy */;
		};
/* End PBXTargetDependency section */

/* Begin XCBuildConfiguration section */
		4E840A082BA4BF320086B06D /* Debug */ = {
			isa = XCBuildConfiguration;
			buildSettings = {
				ALWAYS_SEARCH_USER_PATHS = NO;
				ASSETCATALOG_COMPILER_GENERATE_SWIFT_ASSET_SYMBOL_EXTENSIONS = YES;
				CLANG_ANALYZER_NONNULL = YES;
				CLANG_ANALYZER_NUMBER_OBJECT_CONVERSION = YES_AGGRESSIVE;
				CLANG_CXX_LANGUAGE_STANDARD = "gnu++20";
				CLANG_ENABLE_MODULES = YES;
				CLANG_ENABLE_OBJC_ARC = YES;
				CLANG_ENABLE_OBJC_WEAK = YES;
				CLANG_WARN_BLOCK_CAPTURE_AUTORELEASING = YES;
				CLANG_WARN_BOOL_CONVERSION = YES;
				CLANG_WARN_COMMA = YES;
				CLANG_WARN_CONSTANT_CONVERSION = YES;
				CLANG_WARN_DEPRECATED_OBJC_IMPLEMENTATIONS = YES;
				CLANG_WARN_DIRECT_OBJC_ISA_USAGE = YES_ERROR;
				CLANG_WARN_DOCUMENTATION_COMMENTS = YES;
				CLANG_WARN_EMPTY_BODY = YES;
				CLANG_WARN_ENUM_CONVERSION = YES;
				CLANG_WARN_INFINITE_RECURSION = YES;
				CLANG_WARN_INT_CONVERSION = YES;
				CLANG_WARN_NON_LITERAL_NULL_CONVERSION = YES;
				CLANG_WARN_OBJC_IMPLICIT_RETAIN_SELF = YES;
				CLANG_WARN_OBJC_LITERAL_CONVERSION = YES;
				CLANG_WARN_OBJC_ROOT_CLASS = YES_ERROR;
				CLANG_WARN_QUOTED_INCLUDE_IN_FRAMEWORK_HEADER = YES;
				CLANG_WARN_RANGE_LOOP_ANALYSIS = YES;
				CLANG_WARN_STRICT_PROTOTYPES = YES;
				CLANG_WARN_SUSPICIOUS_MOVE = YES;
				CLANG_WARN_UNGUARDED_AVAILABILITY = YES_AGGRESSIVE;
				CLANG_WARN_UNREACHABLE_CODE = YES;
				CLANG_WARN__DUPLICATE_METHOD_MATCH = YES;
				COPY_PHASE_STRIP = NO;
				DEBUG_INFORMATION_FORMAT = dwarf;
				ENABLE_STRICT_OBJC_MSGSEND = YES;
				ENABLE_TESTABILITY = YES;
				ENABLE_USER_SCRIPT_SANDBOXING = YES;
				GCC_C_LANGUAGE_STANDARD = gnu17;
				GCC_DYNAMIC_NO_PIC = NO;
				GCC_NO_COMMON_BLOCKS = YES;
				GCC_OPTIMIZATION_LEVEL = 0;
				GCC_PREPROCESSOR_DEFINITIONS = (
					"DEBUG=1",
					"$(inherited)",
				);
				GCC_WARN_64_TO_32_BIT_CONVERSION = YES;
				GCC_WARN_ABOUT_RETURN_TYPE = YES_ERROR;
				GCC_WARN_UNDECLARED_SELECTOR = YES;
				GCC_WARN_UNINITIALIZED_AUTOS = YES_AGGRESSIVE;
				GCC_WARN_UNUSED_FUNCTION = YES;
				GCC_WARN_UNUSED_VARIABLE = YES;
				IPHONEOS_DEPLOYMENT_TARGET = 17.2;
				LOCALIZATION_PREFERS_STRING_CATALOGS = YES;
				MTL_ENABLE_DEBUG_INFO = INCLUDE_SOURCE;
				MTL_FAST_MATH = YES;
				ONLY_ACTIVE_ARCH = YES;
				SDKROOT = iphoneos;
				SWIFT_ACTIVE_COMPILATION_CONDITIONS = "DEBUG $(inherited)";
				SWIFT_OPTIMIZATION_LEVEL = "-Onone";
			};
			name = Debug;
		};
		4E840A092BA4BF320086B06D /* Release */ = {
			isa = XCBuildConfiguration;
			buildSettings = {
				ALWAYS_SEARCH_USER_PATHS = NO;
				ASSETCATALOG_COMPILER_GENERATE_SWIFT_ASSET_SYMBOL_EXTENSIONS = YES;
				CLANG_ANALYZER_NONNULL = YES;
				CLANG_ANALYZER_NUMBER_OBJECT_CONVERSION = YES_AGGRESSIVE;
				CLANG_CXX_LANGUAGE_STANDARD = "gnu++20";
				CLANG_ENABLE_MODULES = YES;
				CLANG_ENABLE_OBJC_ARC = YES;
				CLANG_ENABLE_OBJC_WEAK = YES;
				CLANG_WARN_BLOCK_CAPTURE_AUTORELEASING = YES;
				CLANG_WARN_BOOL_CONVERSION = YES;
				CLANG_WARN_COMMA = YES;
				CLANG_WARN_CONSTANT_CONVERSION = YES;
				CLANG_WARN_DEPRECATED_OBJC_IMPLEMENTATIONS = YES;
				CLANG_WARN_DIRECT_OBJC_ISA_USAGE = YES_ERROR;
				CLANG_WARN_DOCUMENTATION_COMMENTS = YES;
				CLANG_WARN_EMPTY_BODY = YES;
				CLANG_WARN_ENUM_CONVERSION = YES;
				CLANG_WARN_INFINITE_RECURSION = YES;
				CLANG_WARN_INT_CONVERSION = YES;
				CLANG_WARN_NON_LITERAL_NULL_CONVERSION = YES;
				CLANG_WARN_OBJC_IMPLICIT_RETAIN_SELF = YES;
				CLANG_WARN_OBJC_LITERAL_CONVERSION = YES;
				CLANG_WARN_OBJC_ROOT_CLASS = YES_ERROR;
				CLANG_WARN_QUOTED_INCLUDE_IN_FRAMEWORK_HEADER = YES;
				CLANG_WARN_RANGE_LOOP_ANALYSIS = YES;
				CLANG_WARN_STRICT_PROTOTYPES = YES;
				CLANG_WARN_SUSPICIOUS_MOVE = YES;
				CLANG_WARN_UNGUARDED_AVAILABILITY = YES_AGGRESSIVE;
				CLANG_WARN_UNREACHABLE_CODE = YES;
				CLANG_WARN__DUPLICATE_METHOD_MATCH = YES;
				COPY_PHASE_STRIP = NO;
				DEBUG_INFORMATION_FORMAT = "dwarf-with-dsym";
				ENABLE_NS_ASSERTIONS = NO;
				ENABLE_STRICT_OBJC_MSGSEND = YES;
				ENABLE_USER_SCRIPT_SANDBOXING = YES;
				GCC_C_LANGUAGE_STANDARD = gnu17;
				GCC_NO_COMMON_BLOCKS = YES;
				GCC_WARN_64_TO_32_BIT_CONVERSION = YES;
				GCC_WARN_ABOUT_RETURN_TYPE = YES_ERROR;
				GCC_WARN_UNDECLARED_SELECTOR = YES;
				GCC_WARN_UNINITIALIZED_AUTOS = YES_AGGRESSIVE;
				GCC_WARN_UNUSED_FUNCTION = YES;
				GCC_WARN_UNUSED_VARIABLE = YES;
				IPHONEOS_DEPLOYMENT_TARGET = 17.2;
				LOCALIZATION_PREFERS_STRING_CATALOGS = YES;
				MTL_ENABLE_DEBUG_INFO = NO;
				MTL_FAST_MATH = YES;
				SDKROOT = iphoneos;
				SWIFT_COMPILATION_MODE = wholemodule;
				VALIDATE_PRODUCT = YES;
			};
			name = Release;
		};
		4E840A0B2BA4BF320086B06D /* Debug */ = {
			isa = XCBuildConfiguration;
			buildSettings = {
				ASSETCATALOG_COMPILER_APPICON_NAME = AppIcon;
				ASSETCATALOG_COMPILER_GLOBAL_ACCENT_COLOR_NAME = AccentColor;
				CODE_SIGN_STYLE = Automatic;
				CURRENT_PROJECT_VERSION = 1;
				DEVELOPMENT_ASSET_PATHS = "\"TinyBeans/Preview Content\"";
				ENABLE_PREVIEWS = YES;
				GENERATE_INFOPLIST_FILE = YES;
				INFOPLIST_KEY_UIApplicationSceneManifest_Generation = YES;
				INFOPLIST_KEY_UIApplicationSupportsIndirectInputEvents = YES;
				INFOPLIST_KEY_UILaunchScreen_Generation = YES;
				INFOPLIST_KEY_UISupportedInterfaceOrientations_iPad = "UIInterfaceOrientationPortrait UIInterfaceOrientationPortraitUpsideDown UIInterfaceOrientationLandscapeLeft UIInterfaceOrientationLandscapeRight";
				INFOPLIST_KEY_UISupportedInterfaceOrientations_iPhone = "UIInterfaceOrientationPortrait UIInterfaceOrientationLandscapeLeft UIInterfaceOrientationLandscapeRight";
				LD_RUNPATH_SEARCH_PATHS = (
					"$(inherited)",
					"@executable_path/Frameworks",
				);
				MARKETING_VERSION = 1.0;
				PRODUCT_BUNDLE_IDENTIFIER = com.jian.TinyBeans;
				PRODUCT_NAME = "$(TARGET_NAME)";
				SWIFT_EMIT_LOC_STRINGS = YES;
				SWIFT_VERSION = 5.0;
				TARGETED_DEVICE_FAMILY = "1,2";
			};
			name = Debug;
		};
		4E840A0C2BA4BF320086B06D /* Release */ = {
			isa = XCBuildConfiguration;
			buildSettings = {
				ASSETCATALOG_COMPILER_APPICON_NAME = AppIcon;
				ASSETCATALOG_COMPILER_GLOBAL_ACCENT_COLOR_NAME = AccentColor;
				CODE_SIGN_STYLE = Automatic;
				CURRENT_PROJECT_VERSION = 1;
				DEVELOPMENT_ASSET_PATHS = "\"TinyBeans/Preview Content\"";
				ENABLE_PREVIEWS = YES;
				GENERATE_INFOPLIST_FILE = YES;
				INFOPLIST_KEY_UIApplicationSceneManifest_Generation = YES;
				INFOPLIST_KEY_UIApplicationSupportsIndirectInputEvents = YES;
				INFOPLIST_KEY_UILaunchScreen_Generation = YES;
				INFOPLIST_KEY_UISupportedInterfaceOrientations_iPad = "UIInterfaceOrientationPortrait UIInterfaceOrientationPortraitUpsideDown UIInterfaceOrientationLandscapeLeft UIInterfaceOrientationLandscapeRight";
				INFOPLIST_KEY_UISupportedInterfaceOrientations_iPhone = "UIInterfaceOrientationPortrait UIInterfaceOrientationLandscapeLeft UIInterfaceOrientationLandscapeRight";
				LD_RUNPATH_SEARCH_PATHS = (
					"$(inherited)",
					"@executable_path/Frameworks",
				);
				MARKETING_VERSION = 1.0;
				PRODUCT_BUNDLE_IDENTIFIER = com.jian.TinyBeans;
				PRODUCT_NAME = "$(TARGET_NAME)";
				SWIFT_EMIT_LOC_STRINGS = YES;
				SWIFT_VERSION = 5.0;
				TARGETED_DEVICE_FAMILY = "1,2";
			};
			name = Release;
		};
		4E840A0E2BA4BF320086B06D /* Debug */ = {
			isa = XCBuildConfiguration;
			buildSettings = {
				ALWAYS_EMBED_SWIFT_STANDARD_LIBRARIES = YES;
				BUNDLE_LOADER = "$(TEST_HOST)";
				CODE_SIGN_STYLE = Automatic;
				CURRENT_PROJECT_VERSION = 1;
				GENERATE_INFOPLIST_FILE = YES;
				IPHONEOS_DEPLOYMENT_TARGET = 17.2;
				MARKETING_VERSION = 1.0;
				PRODUCT_BUNDLE_IDENTIFIER = com.jian.TinyBeansTests;
				PRODUCT_NAME = "$(TARGET_NAME)";
				SWIFT_EMIT_LOC_STRINGS = NO;
				SWIFT_VERSION = 5.0;
				TARGETED_DEVICE_FAMILY = "1,2";
				TEST_HOST = "$(BUILT_PRODUCTS_DIR)/TinyBeans.app/$(BUNDLE_EXECUTABLE_FOLDER_PATH)/TinyBeans";
			};
			name = Debug;
		};
		4E840A0F2BA4BF320086B06D /* Release */ = {
			isa = XCBuildConfiguration;
			buildSettings = {
				ALWAYS_EMBED_SWIFT_STANDARD_LIBRARIES = YES;
				BUNDLE_LOADER = "$(TEST_HOST)";
				CODE_SIGN_STYLE = Automatic;
				CURRENT_PROJECT_VERSION = 1;
				GENERATE_INFOPLIST_FILE = YES;
				IPHONEOS_DEPLOYMENT_TARGET = 17.2;
				MARKETING_VERSION = 1.0;
				PRODUCT_BUNDLE_IDENTIFIER = com.jian.TinyBeansTests;
				PRODUCT_NAME = "$(TARGET_NAME)";
				SWIFT_EMIT_LOC_STRINGS = NO;
				SWIFT_VERSION = 5.0;
				TARGETED_DEVICE_FAMILY = "1,2";
				TEST_HOST = "$(BUILT_PRODUCTS_DIR)/TinyBeans.app/$(BUNDLE_EXECUTABLE_FOLDER_PATH)/TinyBeans";
			};
			name = Release;
		};
		4E840A112BA4BF320086B06D /* Debug */ = {
			isa = XCBuildConfiguration;
			buildSettings = {
				ALWAYS_EMBED_SWIFT_STANDARD_LIBRARIES = YES;
				CODE_SIGN_STYLE = Automatic;
				CURRENT_PROJECT_VERSION = 1;
				GENERATE_INFOPLIST_FILE = YES;
				MARKETING_VERSION = 1.0;
				PRODUCT_BUNDLE_IDENTIFIER = com.jian.TinyBeansUITests;
				PRODUCT_NAME = "$(TARGET_NAME)";
				SWIFT_EMIT_LOC_STRINGS = NO;
				SWIFT_VERSION = 5.0;
				TARGETED_DEVICE_FAMILY = "1,2";
				TEST_TARGET_NAME = TinyBeans;
			};
			name = Debug;
		};
		4E840A122BA4BF320086B06D /* Release */ = {
			isa = XCBuildConfiguration;
			buildSettings = {
				ALWAYS_EMBED_SWIFT_STANDARD_LIBRARIES = YES;
				CODE_SIGN_STYLE = Automatic;
				CURRENT_PROJECT_VERSION = 1;
				GENERATE_INFOPLIST_FILE = YES;
				MARKETING_VERSION = 1.0;
				PRODUCT_BUNDLE_IDENTIFIER = com.jian.TinyBeansUITests;
				PRODUCT_NAME = "$(TARGET_NAME)";
				SWIFT_EMIT_LOC_STRINGS = NO;
				SWIFT_VERSION = 5.0;
				TARGETED_DEVICE_FAMILY = "1,2";
				TEST_TARGET_NAME = TinyBeans;
			};
			name = Release;
		};
/* End XCBuildConfiguration section */

/* Begin XCConfigurationList section */
		4E8409E12BA4BF300086B06D /* Build configuration list for PBXProject "TinyBeans" */ = {
			isa = XCConfigurationList;
			buildConfigurations = (
				4E840A082BA4BF320086B06D /* Debug */,
				4E840A092BA4BF320086B06D /* Release */,
			);
			defaultConfigurationIsVisible = 0;
			defaultConfigurationName = Release;
		};
		4E840A0A2BA4BF320086B06D /* Build configuration list for PBXNativeTarget "TinyBeans" */ = {
			isa = XCConfigurationList;
			buildConfigurations = (
				4E840A0B2BA4BF320086B06D /* Debug */,
				4E840A0C2BA4BF320086B06D /* Release */,
			);
			defaultConfigurationIsVisible = 0;
			defaultConfigurationName = Release;
		};
		4E840A0D2BA4BF320086B06D /* Build configuration list for PBXNativeTarget "TinyBeansTests" */ = {
			isa = XCConfigurationList;
			buildConfigurations = (
				4E840A0E2BA4BF320086B06D /* Debug */,
				4E840A0F2BA4BF320086B06D /* Release */,
			);
			defaultConfigurationIsVisible = 0;
			defaultConfigurationName = Release;
		};
		4E840A102BA4BF320086B06D /* Build configuration list for PBXNativeTarget "TinyBeansUITests" */ = {
			isa = XCConfigurationList;
			buildConfigurations = (
				4E840A112BA4BF320086B06D /* Debug */,
				4E840A122BA4BF320086B06D /* Release */,
			);
			defaultConfigurationIsVisible = 0;
			defaultConfigurationName = Release;
		};
/* End XCConfigurationList section */
	};
	rootObject = 4E8409DE2BA4BF300086B06D /* Project object */;
}
